# This file was autogenerated by Stack.
# You should not edit this file by hand.
# For more information, please see the documentation at:
#   https://docs.haskellstack.org/en/stable/lock_files

packages:
- completed:
    hackage: relude-1.0.0.1@sha256:35bcdaf14018e79f11e712b0e2314c1aac79976f28f4adc179985457493557d5,11569
    pantry-tree:
      size: 4282
      sha256: ead687d39d06c841de36fc214402ad4389e8837284485cfe52d975f51b274e81
  original:
    hackage: relude-1.0.0.1
- completed:
    hackage: Unique-0.4.7.8@sha256:9661f45aa31dde119a2114566166ea38b011a45653337045ee4ced75636533c0,2067
    pantry-tree:
      size: 1366
      sha256: ad77421b187b6b70b073603dca9e63869893d5e6376714f448e56b7326235f40
  original:
    hackage: Unique-0.4.7.8@sha256:9661f45aa31dde119a2114566166ea38b011a45653337045ee4ced75636533c0,2067
- completed:
    hackage: moo-1.2@sha256:0c4be1a01548db785dcbbe6b8c98579dbf03c5b3b536e0420dce3ba6a61337cb,5951
    pantry-tree:
      size: 2861
      sha256: a32c48fefc42e1f7775c868794a91604522a59a1c0d2b2accff12197329f2d17
  original:
    hackage: moo-1.2@sha256:0c4be1a01548db785dcbbe6b8c98579dbf03c5b3b536e0420dce3ba6a61337cb,5951
- completed:
    hackage: gray-code-0.3.1@sha256:2c8a4ed9c9ee37320305610604d6d93504e0813d7c9768949af418b53043185a,2388
    pantry-tree:
      size: 506
      sha256: 7b133d19b93231ea84b286cfe1a2038d67f9b553826845b33fad6526464e1de7
  original:
    hackage: gray-code-0.3.1@sha256:2c8a4ed9c9ee37320305610604d6d93504e0813d7c9768949af418b53043185a,2388
- completed:
    hackage: libsystemd-journal-1.4.5@sha256:dc68296f5d874b48ba187dbd0af4de8182ba57cb6ebaa46c05ac61c1b3c6c396,1238
    pantry-tree:
      size: 280
      sha256: 86227afe0cfaf6833c6879dd71e1bf9e78aa687ecc9a1eb29cae236d213cf833
  original:
    hackage: libsystemd-journal-1.4.5@sha256:dc68296f5d874b48ba187dbd0af4de8182ba57cb6ebaa46c05ac61c1b3c6c396,1238
- completed:
    hackage: pure-zlib-0.6.7@sha256:5a1cdf87bf3079b7d3abace1f94eeb3c597c687a38a08ee2908783e609271467,3487
    pantry-tree:
      size: 2173
      sha256: c8a18177a5a2b5508d12752e67b1932567e3534cd94dc33aae08a2492d314ecb
  original:
    hackage: pure-zlib-0.6.7@sha256:5a1cdf87bf3079b7d3abace1f94eeb3c597c687a38a08ee2908783e609271467,3487
- completed:
    hackage: lazy-search-0.1.2.0@sha256:2c9e1071b3fbabf6f9ac3eab846a8314bbb9f73901436a2882de249e6121724e,1199
    pantry-tree:
      size: 279
      sha256: fad80834e75c486125473e7f2148ff05749984d1a1f41d5eb119a38b83d702b2
  original:
    hackage: lazy-search-0.1.2.0
- completed:
    hackage: size-based-0.1.2.0@sha256:1b33da89d270189661dbbda49a88b0c21d2fc2f7a407e7a2b1933e2faf0f5d4d,1258
    pantry-tree:
      size: 480
      sha256: 2c8a16986903aecfc14ada381ff9f369e218feaf5dc90e934e93ecbf83905b1a
  original:
    hackage: size-based-0.1.2.0
- completed:
    hackage: testing-feat-1.1.0.0@sha256:7c7629c5014edf06aefbf30a061d1ee64c6ee15f438d868e34749fb22208ab0b,2466
    pantry-tree:
      size: 790
      sha256: 444f3c68a4f4fa1488fbbe9e8d9bbcc5f226b12a5027ee93683d5f95bf0ece28
  original:
    hackage: testing-feat-1.1.0.0
- completed:
    hackage: Stream-0.4.7.2@sha256:ed78165aa34c4e23dc53c9072f8715d414a585037f2145ea0eb2b38300354c53,1009
    pantry-tree:
      size: 207
      sha256: 009fe33c4779bd1705a26f9b036f0996e9fc85df06418aec3dda967554e6ef83
  original:
    hackage: Stream-0.4.7.2@sha256:ed78165aa34c4e23dc53c9072f8715d414a585037f2145ea0eb2b38300354c53,1009
- completed:
    hackage: lazysmallcheck-0.6@sha256:dac7a1e4877681f1260309e863e896674dd6efc1159897b7945893e693f2a6bc,1696
    pantry-tree:
      size: 2008
      sha256: aea6b83dd91703fd130d98ecfed88b8f16841b22990c837c8fde89f9f6cca809
  original:
    hackage: lazysmallcheck-0.6@sha256:dac7a1e4877681f1260309e863e896674dd6efc1159897b7945893e693f2a6bc,1696
- completed:
    hackage: composition-prelude-3.0.0.2@sha256:1ffed216bd28d810fce0b5be83a661e2a892696d73b3f8de5c0f5edb9b5f0090,1216
    pantry-tree:
      size: 284
      sha256: 94fc1c55e9065ae575315ac52a552d0e03beaefef4669a58a9745c6d71b4dd6b
  original:
    hackage: composition-prelude-3.0.0.2
- completed:
    hackage: constraints-extras-0.3.0.2@sha256:013b8d0392582c6ca068e226718a4fe8be8e22321cc0634f6115505bf377ad26,1853
    pantry-tree:
      size: 594
      sha256: 3ce1012bfb02e4d7def9df19ce80b8cd2b472c691b25b181d9960638673fecd1
  original:
    hackage: constraints-extras-0.3.0.2
- completed:
    hackage: dependent-map-0.4.0.0@sha256:ca2b131046f4340a1c35d138c5a003fe4a5be96b14efc26291ed35fd08c62221,1657
    pantry-tree:
      size: 551
      sha256: 5defa30010904d2ad05a036f3eaf83793506717c93cbeb599f40db1a3632cfc5
  original:
    hackage: dependent-map-0.4.0.0
- completed:
    hackage: dependent-sum-0.7.1.0@sha256:0e419237f5b86da3659772afff9cab355c0f8d5b3fdb15a5b30e673d8dc83941,2147
    pantry-tree:
      size: 290
      sha256: 009601e5d33e835c7a384e240c5c6ad12643bce9c54b2a0b07201daee3380e51
  original:
    hackage: dependent-sum-0.7.1.0
- completed:
    hackage: dependent-sum-template-0.1.0.3@sha256:0bbbacdfbd3abf2a15aaf0cf2c27e5bdd159b519441fec39e1e6f2f54424adde,1682
    pantry-tree:
      size: 436
      sha256: 32eeadeb991a290a1da41ce7e995dee7d38ebba3bd3e53ea8074c32c086701fd
  original:
    hackage: dependent-sum-template-0.1.0.3
- completed:
    hackage: eventful-memory-0.2.0@sha256:0b34971fa4c1c158fe3261b87e097c5eb084ae88a0f9ef1e65af5a9a99cbaeba,1575
    pantry-tree:
      size: 713
      sha256: f67244c135d9a373cc1925308953bc969215ed74ba845c684848061b517f745d
  original:
    hackage: eventful-memory-0.2.0
- completed:
    hackage: barbies-2.0.2.0@sha256:fa6656b45c40f7d4ab1764d078c6878f37d37fab7f7135c061e9a5baa67943c0,4407
    pantry-tree:
      size: 4426
      sha256: 5aa3ff178fe56b21250543384e8482de13f35ef57a06943178382b0f2e3eca24
  original:
    hackage: barbies-2.0.2.0
- completed:
    hackage: nothunks-0.1.2@sha256:dff801c9f08ed2fcfb24e029b96a235b89f98623bb2b4df43f8b3b50b30706a3,2316
    pantry-tree:
      size: 342
      sha256: 54331222541e53ef6f9d2596fa4e2e648d0e26e17db6351f1118f1f3fe66b70e
  original:
    hackage: nothunks-0.1.2
- completed:
    hackage: indexed-traversable-instances-0.1@sha256:3aaf97040001bbe583e29c2b9c7d41660df265e6565a0d2ac09a3ed5b8bc21be,2874
    pantry-tree:
      size: 427
      sha256: d69630ba4b548b72eed15553586ce7b1e574cd8e4cc5b30d506ab3a697b26502
  original:
    hackage: indexed-traversable-instances-0.1
- completed:
    hackage: base16-bytestring-1.0.1.0@sha256:33b9d57afa334d06485033e930c6b13fc760baf88fd8f715ae2f9a4b46e19a54,2641
    pantry-tree:
      size: 595
      sha256: 24661ef9b1089d468227300f8ceb89194b5cce68b9f6ed8109b01f63c07f54e3
  original:
    hackage: base16-bytestring-1.0.1.0
- completed:
    hackage: eventful-sql-common-0.2.0@sha256:8766a5ebc16044c254d1789ee63d01c8fdf9d1f878e720bf6069526d76d4e4d7,1118
    pantry-tree:
      size: 494
      sha256: ce7d831627102fadbbae6f01514e0c4d1dfe1dc95213325c7d6edb848bfd53a7
  original:
    hackage: eventful-sql-common-0.2.0@rev:0
- completed:
    hackage: eventful-sqlite-0.2.0@sha256:efde984178e436bb387e81ae25be5ff652555bf04b0e5eb65bd654dffd8bf59b,1507
    pantry-tree:
      size: 410
      sha256: 658209832378e283b4529afe2f92b3ec9dc301fa0e2763cedb652d6bcc2b9774
  original:
    hackage: eventful-sqlite-0.2.0
- completed:
    hackage: monoidal-containers-0.6.0.1@sha256:ffdfae0fde7a08e9e314667a78d86454d2d23137d85f226ec6e757c190fb28ad,2583
    pantry-tree:
      size: 569
      sha256: 61d5a73cb768aa4d59db7365418a2fc1bb24b8c3e53ca496372656b6ba4d31ab
  original:
    hackage: monoidal-containers-0.6.0.1
- completed:
    hackage: recursion-schemes-5.1.3@sha256:cbcf3c36e1733a83fb8cda305bde2de18a2fbab53692e3301263964def430107,3523
    pantry-tree:
      size: 719
      sha256: 617f5740281ab044b0205b5a2810bfa8efc6b858705fe8caff5438a382bcfd96
  original:
    hackage: recursion-schemes-5.1.3
- completed:
    hackage: row-types-0.4.0.0@sha256:adf9dcf41e44e61c443a02cb9927740ea211e4cf60e68fb9d7b312da7bdd33be,3579
    pantry-tree:
      size: 777
      sha256: 505cd5e903b359f800f7fc14776df4e1d03c18c4ebfa1dfa657754c73365f0df
  original:
    hackage: row-types-0.4.0.0
- completed:
    hackage: time-out-0.2@sha256:b9a6b4dee64f030ecb2a25dca0faff39b3cb3b5fefbb8af3cdec4142bfd291f2,3010
    pantry-tree:
      size: 923
      sha256: dcedaba4d5a1dcfbef65ede20f25b1465ca5d211178fbff5ed6cd8cf75bed1cf
  original:
    hackage: time-out-0.2@sha256:b9a6b4dee64f030ecb2a25dca0faff39b3cb3b5fefbb8af3cdec4142bfd291f2
- completed:
    hackage: time-interval-0.1.1@sha256:7bfd3601853d1af7caa18248ec10b01701d035ac274a93bb4670fea52a14d4e8,2567
    pantry-tree:
      size: 456
      sha256: 7e259a34960b881f67a47e677eb77906922661c1036c8a5c62bcfc394cc655b7
  original:
    hackage: time-interval-0.1.1@sha256:7bfd3601853d1af7caa18248ec10b01701d035ac274a93bb4670fea52a14d4e8
- completed:
    hackage: time-units-1.0.0@sha256:27cf54091c4a0ca73d504fc11d5c31ab4041d17404fe3499945e2055697746c1,928
    pantry-tree:
      size: 212
      sha256: 9b516d4195fcea22cd1f4335cfe210e88deca397ba7dacc494d5a2feb69e1af8
  original:
    hackage: time-units-1.0.0@sha256:27cf54091c4a0ca73d504fc11d5c31ab4041d17404fe3499945e2055697746c1
- completed:
    hackage: servant-websockets-2.0.0@sha256:6e9e3600bced90fd52ed3d1bf632205cb21479075b20d6637153cc4567000234,2253
    pantry-tree:
      size: 523
      sha256: 085c6620bff7671bef1d969652a349271c3703fbf10dd753cb63ee1cd700bca5
  original:
    hackage: servant-websockets-2.0.0
- completed:
    hackage: servant-subscriber-0.7.0.0@sha256:e54a3ca6d52227025081bbc470a3af35efecbe0f82050d06aa5c9bbdf05795a6,2635
    pantry-tree:
      size: 859
      sha256: 8f0a4cf5c7c340c347c6b9117c809c9dbf7c15a4c94d80d1f07bd2e3f47308c9
  original:
    hackage: servant-subscriber-0.7.0.0
- completed:
    hackage: safe-exceptions-checked-0.1.0@sha256:ae142f284c6b102f0e7606a69a5719f4f72771d9cc353af72fa4484326689100,1603
    pantry-tree:
      size: 298
      sha256: d1f8ba50967547f26cdc37cbc64bdc85af57d856986876a6a5767a61977bc299
  original:
    hackage: safe-exceptions-checked-0.1.0
- completed:
    hackage: async-timer-0.1.4.1@sha256:2f5c4ced218f0bce5872cee1f9eca94647a3ecb05ceacedccef1214cc39d68b7,1983
    pantry-tree:
      size: 506
      sha256: 2dcd1dc815fdf68d1bc4c3ad296af3236d178053a810f38cc1fe0d401dc800a1
  original:
    hackage: async-timer-0.1.4.1
- completed:
    hackage: sbv-8.9@sha256:efb0f16c671869805e57d11e269793d5e5ae512e8e626582cf76b8e46a63e9c6,28985
    pantry-tree:
      size: 62515
      sha256: 9bb3bb8dbb26363388e013c795e60e81f9b243ecac6e28b3e9d7079c083ebdf4
  original:
    hackage: sbv-8.9
- completed:
    hackage: wl-pprint-1.2.1@sha256:aea676cff4a062d7d912149d270e33f5bb0c01b68a9db46ff13b438141ff4b7c,734
    pantry-tree:
      size: 221
      sha256: 750b375c6fc33400551f9e32e26e41844c372270a9bc3571e912fa36df7c6d4f
  original:
    hackage: wl-pprint-1.2.1@sha256:aea676cff4a062d7d912149d270e33f5bb0c01b68a9db46ff13b438141ff4b7c
- completed:
    hackage: witherable-0.4.1@sha256:5b4840efe20d16cab6b13fa2f39ed383703cccbc246f5b710591069fcc6884c0,2249
    pantry-tree:
      size: 384
      sha256: 04dcdcc8bbb860ac0a5ead297f03b29a81a06e26d739fca99770388513bc0550
  original:
    hackage: witherable-0.4.1
- completed:
    hackage: canonical-json-0.6.0.0@sha256:9021f435ccb884a3b4c55bcc6b50eb19d5fc3cc3f29d5fcbdef016f5bbae23a2,3488
    pantry-tree:
      size: 646
      sha256: 18e3afbd09480a247cd39355929d638e0888ccd2c3873cb79c5a5bc2231fae4f
  original:
    hackage: canonical-json-0.6.0.0@sha256:9021f435ccb884a3b4c55bcc6b50eb19d5fc3cc3f29d5fcbdef016f5bbae23a2,3488
- completed:
    hackage: statistics-linreg-0.3@sha256:95c6efe6c7f6b26bc6e9ada90ab2d18216371cf59a6ef2b517b4a6fd35d9a76f,2544
    pantry-tree:
      size: 233
      sha256: 8d1978a6497e4fd9c66b0c5f24ea659aa9714f5b7e8b1dcfce7fb7bb8d4dee0e
  original:
    hackage: statistics-linreg-0.3@sha256:95c6efe6c7f6b26bc6e9ada90ab2d18216371cf59a6ef2b517b4a6fd35d9a76f,2544
- completed:
    hackage: partial-order-0.2.0.0@sha256:a0d6ddc9ebcfa965a5cbcff1d06d46a79d44ea5a0335c583c2a51bcb41334487,2275
    pantry-tree:
      size: 273
      sha256: 674243e0470949fa81a6025ae0ddb1c52c48cffbf163249868563ec826eaadc5
  original:
    hackage: partial-order-0.2.0.0@sha256:a0d6ddc9ebcfa965a5cbcff1d06d46a79d44ea5a0335c583c2a51bcb41334487,2275
- completed:
    hackage: streaming-binary-0.2.2.0@sha256:09b9a9b0291199c5808e88dcf9c93e7b336e740c71efeafd7c835b59794a8c90,1034
    pantry-tree:
      size: 443
      sha256: ffd0144733bfcc342107f912505618eb5b6f4f856d294bc100a6d3c611cdfd45
  original:
    hackage: streaming-binary-0.2.2.0@sha256:09b9a9b0291199c5808e88dcf9c93e7b336e740c71efeafd7c835b59794a8c90,1034
- completed:
    hackage: transformers-except-0.1.1@sha256:6c12ef8e632a10440968cd541e75074bd6ef4b5ff4012677f8f8189d7b2d0df6,1387
    pantry-tree:
      size: 322
      sha256: db2c54886fc6de6966bd00d437bb790053d621d8bb357a116040feb80845fd82
  original:
    hackage: transformers-except-0.1.1@sha256:6c12ef8e632a10440968cd541e75074bd6ef4b5ff4012677f8f8189d7b2d0df6,1387
- completed:
    hackage: beam-core-0.9.0.0@sha256:e5b1cb4d5b8a8a166f3373e8718672a3884feb9a5a133404b047b0af76538023,5282
    pantry-tree:
      size: 2704
      sha256: e54dabae556fcac9079587adcce1b2bb107c196688c476dabdd84ca86ad556af
  original:
    hackage: beam-core-0.9.0.0@sha256:e5b1cb4d5b8a8a166f3373e8718672a3884feb9a5a133404b047b0af76538023,5282
- completed:
    hackage: beam-migrate-0.5.0.0@sha256:d3f7e333ec9e96122ccec6be0d38a88f766dfc248323be73fd0b3cee245ea421,4923
    pantry-tree:
      size: 1721
      sha256: 0aa2b84eef52bf8a7fc9906c2b2a1bc37d077456f232cdf445fc182ee888c20f
  original:
    hackage: beam-migrate-0.5.0.0@sha256:d3f7e333ec9e96122ccec6be0d38a88f766dfc248323be73fd0b3cee245ea421,4923
- completed:
    hackage: beam-sqlite-0.5.0.0@sha256:d785bf40101235a72b80652ce27be9c8048de5f7c171ccb23e1e62b8f1ce6e7c,3496
    pantry-tree:
      size: 906
      sha256: d11ad1eae821288c1031ad2714a7184db0b4999a751895fca6a1e5d28116d3d9
  original:
    hackage: beam-sqlite-0.5.0.0@sha256:d785bf40101235a72b80652ce27be9c8048de5f7c171ccb23e1e62b8f1ce6e7c,3496
- completed:
    subdir: freer-extras
    name: freer-extras
    version: 0.1.0.0
    git: https://github.com/input-output-hk/plutus.git
    pantry-tree:
      size: 595
      sha256: 3002ae0543cd33905ba6ee0e98918771b37ad7daa0492f84b39f0b848ac34c50
    commit: e3e220f5434d5cc01d613e656dc661acbadd55a5
  original:
    subdir: freer-extras
    git: https://github.com/input-output-hk/plutus.git
    commit: e3e220f5434d5cc01d613e656dc661acbadd55a5
- completed:
    subdir: playground-common
    name: playground-common
    version: 0.1.0.0
    git: https://github.com/input-output-hk/plutus.git
    pantry-tree:
      size: 1881
      sha256: 2c3c094d59c463fdf4068739c138d6cdfeb07443ad8d2fe960abe9a8374689b4
    commit: e3e220f5434d5cc01d613e656dc661acbadd55a5
  original:
    subdir: playground-common
    git: https://github.com/input-output-hk/plutus.git
    commit: e3e220f5434d5cc01d613e656dc661acbadd55a5
- completed:
    subdir: plutus-chain-index
    name: plutus-chain-index
    version: 0.1.0.0
    git: https://github.com/input-output-hk/plutus.git
    pantry-tree:
      size: 840
      sha256: d898a928dc03e41d3c3fd38587f07adf08c8c6638b6a2a909401df81c20fdffb
    commit: e3e220f5434d5cc01d613e656dc661acbadd55a5
  original:
    subdir: plutus-chain-index
    git: https://github.com/input-output-hk/plutus.git
    commit: e3e220f5434d5cc01d613e656dc661acbadd55a5
- completed:
    subdir: plutus-core
    name: plutus-core
    version: 0.1.0.0
    git: https://github.com/input-output-hk/plutus.git
    pantry-tree:
      size: 75997
      sha256: 47182035994c8d61f43a383a332e4a7e7fca4760074c82cf87e4a467fbfad6c2
    commit: e3e220f5434d5cc01d613e656dc661acbadd55a5
  original:
    subdir: plutus-core
    git: https://github.com/input-output-hk/plutus.git
    commit: e3e220f5434d5cc01d613e656dc661acbadd55a5
- completed:
    subdir: plutus-contract
    name: plutus-contract
    version: 0.1.0.0
    git: https://github.com/input-output-hk/plutus.git
    pantry-tree:
      size: 5218
      sha256: 8f57b757996d99b72b0db3c1e86f6b3a368f97d1107be3ad5bf385b8e5aeefc8
    commit: e3e220f5434d5cc01d613e656dc661acbadd55a5
  original:
    subdir: plutus-contract
    git: https://github.com/input-output-hk/plutus.git
    commit: e3e220f5434d5cc01d613e656dc661acbadd55a5
- completed:
    subdir: plutus-ledger
    name: plutus-ledger
    version: 0.1.0.0
    git: https://github.com/input-output-hk/plutus.git
    pantry-tree:
      size: 1773
      sha256: f97bb5b5b93439a11f3e5557ebb23fafe2eca0d1a22df5c42d650a67e9985fa3
    commit: e3e220f5434d5cc01d613e656dc661acbadd55a5
  original:
    subdir: plutus-ledger
    git: https://github.com/input-output-hk/plutus.git
    commit: e3e220f5434d5cc01d613e656dc661acbadd55a5
- completed:
    subdir: plutus-ledger-api
    name: plutus-ledger-api
    version: 0.1.0.0
    git: https://github.com/input-output-hk/plutus.git
    pantry-tree:
      size: 1747
      sha256: c090a90e7a6e1d79fcd5e143c6c6ee5ab48492d92db954769026d1c9bcb241cf
    commit: e3e220f5434d5cc01d613e656dc661acbadd55a5
  original:
    subdir: plutus-ledger-api
    git: https://github.com/input-output-hk/plutus.git
    commit: e3e220f5434d5cc01d613e656dc661acbadd55a5
- completed:
    subdir: plutus-tx
    name: plutus-tx
    version: 0.1.0.0
    git: https://github.com/input-output-hk/plutus.git
    pantry-tree:
      size: 2694
      sha256: b7d37c776dd5ca2a1875ceea825e129370233a845e0c637acf15e882c51fbb55
    commit: e3e220f5434d5cc01d613e656dc661acbadd55a5
  original:
    subdir: plutus-tx
    git: https://github.com/input-output-hk/plutus.git
    commit: e3e220f5434d5cc01d613e656dc661acbadd55a5
- completed:
    subdir: plutus-tx-plugin
    name: plutus-tx-plugin
    version: 0.1.0.0
    git: https://github.com/input-output-hk/plutus.git
    pantry-tree:
      size: 16651
      sha256: 850cb52748986a88ffa38352c2e8a07d5715be8c411e35e43ee8400cb00f3f47
    commit: e3e220f5434d5cc01d613e656dc661acbadd55a5
  original:
    subdir: plutus-tx-plugin
    git: https://github.com/input-output-hk/plutus.git
    commit: e3e220f5434d5cc01d613e656dc661acbadd55a5
- completed:
    subdir: plutus-pab
    name: plutus-pab
    version: 0.1.0.0
    git: https://github.com/input-output-hk/plutus.git
    pantry-tree:
      size: 12910
      sha256: 84e034f7dd5620158675fdc628d18e9043fe2258693f9b6648f565b1a0dd9d26
    commit: e3e220f5434d5cc01d613e656dc661acbadd55a5
  original:
    subdir: plutus-pab
    git: https://github.com/input-output-hk/plutus.git
    commit: e3e220f5434d5cc01d613e656dc661acbadd55a5
- completed:
    subdir: plutus-use-cases
    name: plutus-use-cases
    version: 0.1.0.0
    git: https://github.com/input-output-hk/plutus.git
    pantry-tree:
      size: 4708
      sha256: 1ad4fc44880e492664c25fb912080b1df1f3f67a84e06375497b10fbd3173a9a
    commit: e3e220f5434d5cc01d613e656dc661acbadd55a5
  original:
    subdir: plutus-use-cases
    git: https://github.com/input-output-hk/plutus.git
    commit: e3e220f5434d5cc01d613e656dc661acbadd55a5
- completed:
    subdir: prettyprinter-configurable
    name: prettyprinter-configurable
    version: 0.1.0.0
    git: https://github.com/input-output-hk/plutus.git
    pantry-tree:
      size: 1191
      sha256: 1ab5120aa1127c06a75cf3920af7ea0a69edd5d1828b7163f74984699b9626f9
    commit: e3e220f5434d5cc01d613e656dc661acbadd55a5
  original:
    subdir: prettyprinter-configurable
    git: https://github.com/input-output-hk/plutus.git
    commit: e3e220f5434d5cc01d613e656dc661acbadd55a5
- completed:
    subdir: quickcheck-dynamic
    name: quickcheck-dynamic
    version: 0.1.0.0
    git: https://github.com/input-output-hk/plutus.git
    pantry-tree:
      size: 820
      sha256: d5984e2cbf337cde91d8322f5c0c7242cd19d2cc34c4447ecd67b34f4d46ffa9
    commit: e3e220f5434d5cc01d613e656dc661acbadd55a5
  original:
    subdir: quickcheck-dynamic
    git: https://github.com/input-output-hk/plutus.git
    commit: e3e220f5434d5cc01d613e656dc661acbadd55a5
- completed:
    subdir: word-array
    name: word-array
    version: 0.1.0.0
    git: https://github.com/input-output-hk/plutus.git
    pantry-tree:
      size: 330
      sha256: 628f8e4ff2dc03cc45414910d63241fcab3726ed05ff8bf5e4a6299fd287a310
    commit: e3e220f5434d5cc01d613e656dc661acbadd55a5
  original:
    subdir: word-array
    git: https://github.com/input-output-hk/plutus.git
    commit: e3e220f5434d5cc01d613e656dc661acbadd55a5
- completed:
    name: flat
    version: 0.4.5
    git: https://github.com/Quid2/flat.git
    pantry-tree:
      size: 7253
      sha256: 65111fafebd6fd3a41df6a1dc2038c809509cbe14cbf52dd085391955aaa9b3a
    commit: 95e5d7488451e43062ca84d5376b3adcc465f1cd
  original:
    git: https://github.com/Quid2/flat.git
    commit: 95e5d7488451e43062ca84d5376b3adcc465f1cd
- completed:
    name: purescript-bridge
    version: 0.13.1.0
    git: https://github.com/shmish111/purescript-bridge.git
    pantry-tree:
      size: 1562
      sha256: 21ce2905f0748a68a8a51e8bd43d00337e3cdba65f26d914c16f7ddd47d91169
    commit: 6a92d7853ea514be8b70bab5e72077bf5a510596
  original:
    git: https://github.com/shmish111/purescript-bridge.git
    commit: 6a92d7853ea514be8b70bab5e72077bf5a510596
- completed:
    name: servant-purescript
    version: 0.9.0.2
    git: https://github.com/shmish111/servant-purescript.git
    pantry-tree:
      size: 2583
      sha256: 8d734450f95952750ccfbcf59eb5eb37af0f477787a598726a78df882812d2ec
    commit: a76104490499aa72d40c2790d10e9383e0dbde63
  original:
    git: https://github.com/shmish111/servant-purescript.git
    commit: a76104490499aa72d40c2790d10e9383e0dbde63
- completed:
    name: cardano-crypto
    version: 1.1.0
    git: https://github.com/input-output-hk/cardano-crypto.git
    pantry-tree:
      size: 5300
      sha256: d1f1108e62d61a83917fabcfd1e63ebda40c3ac44c048db34bfa206e68b1bad3
    commit: ce8f1934e4b6252084710975bd9bbc0a4648ece4
  original:
    git: https://github.com/input-output-hk/cardano-crypto.git
    commit: ce8f1934e4b6252084710975bd9bbc0a4648ece4
- completed:
    subdir: monoidal-synchronisation
    name: monoidal-synchronisation
    version: 0.1.0.0
    git: https://github.com/input-output-hk/ouroboros-network
    pantry-tree:
      size: 428
      sha256: 1ffd225c2f6aa7513a5797c64e4d680a91e8daf8bd75c6990abd130733fc1593
    commit: e338f2cf8e1078fbda9555dd2b169c6737ef6774
  original:
    subdir: monoidal-synchronisation
    git: https://github.com/input-output-hk/ouroboros-network
    commit: e338f2cf8e1078fbda9555dd2b169c6737ef6774
- completed:
    subdir: typed-protocols
    name: typed-protocols
    version: 0.1.0.0
    git: https://github.com/input-output-hk/ouroboros-network
    pantry-tree:
      size: 536
      sha256: b749e51da2d8c2e09ad07cfe4c06eaac8f60c9a50306db010906a0c2e101cf6d
    commit: e338f2cf8e1078fbda9555dd2b169c6737ef6774
  original:
    subdir: typed-protocols
    git: https://github.com/input-output-hk/ouroboros-network
    commit: e338f2cf8e1078fbda9555dd2b169c6737ef6774
- completed:
    subdir: typed-protocols-examples
    name: typed-protocols-examples
    version: 0.1.0.0
    git: https://github.com/input-output-hk/ouroboros-network
    pantry-tree:
      size: 1469
      sha256: eccc4883c3e5781b8dd1b3be20c808c8f6239ac2b338621830de7e4c65eb205b
    commit: e338f2cf8e1078fbda9555dd2b169c6737ef6774
  original:
    subdir: typed-protocols-examples
    git: https://github.com/input-output-hk/ouroboros-network
    commit: e338f2cf8e1078fbda9555dd2b169c6737ef6774
- completed:
    subdir: ouroboros-network
    name: ouroboros-network
    version: 0.1.0.0
    git: https://github.com/input-output-hk/ouroboros-network
    pantry-tree:
      size: 12819
      sha256: 3fc9bb7e43282715532ce0e945b56a0a6fdf7688e316d97ca9ad42eff0d87aeb
    commit: e338f2cf8e1078fbda9555dd2b169c6737ef6774
  original:
    subdir: ouroboros-network
    git: https://github.com/input-output-hk/ouroboros-network
    commit: e338f2cf8e1078fbda9555dd2b169c6737ef6774
- completed:
    subdir: ouroboros-network-testing
    name: ouroboros-network-testing
    version: 0.1.0.0
    git: https://github.com/input-output-hk/ouroboros-network
    pantry-tree:
      size: 464
      sha256: 97b8fd2528409d0e865af47e35106d368fe8542bb1bb8f9167dbcbacbc0d7e20
    commit: e338f2cf8e1078fbda9555dd2b169c6737ef6774
  original:
    subdir: ouroboros-network-testing
    git: https://github.com/input-output-hk/ouroboros-network
    commit: e338f2cf8e1078fbda9555dd2b169c6737ef6774
- completed:
    subdir: ouroboros-network-framework
    name: ouroboros-network-framework
    version: 0.1.0.0
    git: https://github.com/input-output-hk/ouroboros-network
    pantry-tree:
      size: 3744
      sha256: 24da90bb2a42a7cbd385ad8fd692d72e9929a808f3859d339266668881e5c649
    commit: e338f2cf8e1078fbda9555dd2b169c6737ef6774
  original:
    subdir: ouroboros-network-framework
    git: https://github.com/input-output-hk/ouroboros-network
    commit: e338f2cf8e1078fbda9555dd2b169c6737ef6774
- completed:
    subdir: ouroboros-consensus
    name: ouroboros-consensus
    version: 0.1.0.0
    git: https://github.com/input-output-hk/ouroboros-network
    pantry-tree:
      size: 22950
      sha256: 6b70e081fd56c2b253453842efe9bf8aea5f6e5c98ffe104b9c8bc59958b5c3f
    commit: e338f2cf8e1078fbda9555dd2b169c6737ef6774
  original:
    subdir: ouroboros-consensus
    git: https://github.com/input-output-hk/ouroboros-network
    commit: e338f2cf8e1078fbda9555dd2b169c6737ef6774
- completed:
    subdir: ouroboros-consensus-byron
    name: ouroboros-consensus-byron
    version: 0.1.0.0
    git: https://github.com/input-output-hk/ouroboros-network
    pantry-tree:
      size: 2004
      sha256: afe7f0951a265c081d38a3960810e8c40d8acf7c75b3bb392b1db2016927d202
    commit: e338f2cf8e1078fbda9555dd2b169c6737ef6774
  original:
    subdir: ouroboros-consensus-byron
    git: https://github.com/input-output-hk/ouroboros-network
    commit: e338f2cf8e1078fbda9555dd2b169c6737ef6774
- completed:
    subdir: ouroboros-consensus-cardano
    name: ouroboros-consensus-cardano
    version: 0.1.0.0
    git: https://github.com/input-output-hk/ouroboros-network
    pantry-tree:
      size: 1277
      sha256: 88df5844f5005e3fb622c9f568cfbfcc962f4544dfb563b67c062cfa71108a37
    commit: e338f2cf8e1078fbda9555dd2b169c6737ef6774
  original:
    subdir: ouroboros-consensus-cardano
    git: https://github.com/input-output-hk/ouroboros-network
    commit: e338f2cf8e1078fbda9555dd2b169c6737ef6774
- completed:
    subdir: ouroboros-consensus-shelley
    name: ouroboros-consensus-shelley
    version: 0.1.0.0
    git: https://github.com/input-output-hk/ouroboros-network
    pantry-tree:
      size: 2049
      sha256: ce9badadc10d57562cb43f19b17955f9e5e262d89e97d6598a1df9285fab32b2
    commit: e338f2cf8e1078fbda9555dd2b169c6737ef6774
  original:
    subdir: ouroboros-consensus-shelley
    git: https://github.com/input-output-hk/ouroboros-network
    commit: e338f2cf8e1078fbda9555dd2b169c6737ef6774
- completed:
    subdir: io-sim
    name: io-sim
    version: 0.2.0.0
    git: https://github.com/input-output-hk/ouroboros-network
    pantry-tree:
      size: 565
      sha256: 9478189a5ba405f80dd2a29d5caa748bca0f80f376a1e1ae6217afa21eed5550
    commit: e338f2cf8e1078fbda9555dd2b169c6737ef6774
  original:
    subdir: io-sim
    git: https://github.com/input-output-hk/ouroboros-network
    commit: e338f2cf8e1078fbda9555dd2b169c6737ef6774
- completed:
    subdir: io-classes
    name: io-classes
    version: 0.2.0.0
    git: https://github.com/input-output-hk/ouroboros-network
    pantry-tree:
      size: 1151
      sha256: f8c69e6b7a33e2f7736cd3752698d8ac2a60132d14cf20014265756f4b092827
    commit: e338f2cf8e1078fbda9555dd2b169c6737ef6774
  original:
    subdir: io-classes
    git: https://github.com/input-output-hk/ouroboros-network
    commit: e338f2cf8e1078fbda9555dd2b169c6737ef6774
- completed:
    subdir: network-mux
    name: network-mux
    version: 0.1.0.0
    git: https://github.com/input-output-hk/ouroboros-network
    pantry-tree:
      size: 2086
      sha256: a2b4b4ca87cd534a56509185bb382e04e75dbd679eb184343d2f54189d8f1f49
    commit: e338f2cf8e1078fbda9555dd2b169c6737ef6774
  original:
    subdir: network-mux
    git: https://github.com/input-output-hk/ouroboros-network
    commit: e338f2cf8e1078fbda9555dd2b169c6737ef6774
- completed:
    subdir: cardano-prelude
    name: cardano-prelude
    version: 0.1.0.0
    git: https://github.com/input-output-hk/cardano-prelude
    pantry-tree:
      size: 1515
      sha256: 664e7d50828faf607bf963a207f1fab1fc1e6b53cb91be8f188151ae75221932
    commit: fd773f7a58412131512b9f694ab95653ac430852
  original:
    subdir: cardano-prelude
    git: https://github.com/input-output-hk/cardano-prelude
    commit: fd773f7a58412131512b9f694ab95653ac430852
- completed:
    subdir: cardano-prelude-test
    name: cardano-prelude-test
    version: 0.1.0.0
    git: https://github.com/input-output-hk/cardano-prelude
    pantry-tree:
      size: 1130
      sha256: 939614ced111120ad9c0262bc46b8c25e66cb2204b4d28c3db2e576cbc272d8a
    commit: fd773f7a58412131512b9f694ab95653ac430852
  original:
    subdir: cardano-prelude-test
    git: https://github.com/input-output-hk/cardano-prelude
    commit: fd773f7a58412131512b9f694ab95653ac430852
- completed:
    subdir: binary
    name: cardano-binary
    version: 1.5.0
    git: https://github.com/input-output-hk/cardano-base
    pantry-tree:
      size: 1884
      sha256: c34549d44a0200d0ead706661c3166e59cb571e5f6e30816a912a052ef61ca7e
    commit: a715c7f420770b70bbe95ca51d3dec83866cb1bd
  original:
    subdir: binary
    git: https://github.com/input-output-hk/cardano-base
    commit: a715c7f420770b70bbe95ca51d3dec83866cb1bd
- completed:
    subdir: binary/test
    name: cardano-binary-test
    version: 1.3.0
    git: https://github.com/input-output-hk/cardano-base
    pantry-tree:
      size: 1007
      sha256: 8def6e17527380b70fe61a9abb31b29608f0cfbb7397de5ad50b844e88039d23
    commit: a715c7f420770b70bbe95ca51d3dec83866cb1bd
  original:
    subdir: binary/test
    git: https://github.com/input-output-hk/cardano-base
    commit: a715c7f420770b70bbe95ca51d3dec83866cb1bd
- completed:
    subdir: slotting
    name: cardano-slotting
    version: 0.1.0.0
    git: https://github.com/input-output-hk/cardano-base
    pantry-tree:
      size: 642
      sha256: 0e0818618b33769083f0bf81e76cb01f5186abad2ec7a69bd48cfca5b7e648d1
    commit: a715c7f420770b70bbe95ca51d3dec83866cb1bd
  original:
    subdir: slotting
    git: https://github.com/input-output-hk/cardano-base
    commit: a715c7f420770b70bbe95ca51d3dec83866cb1bd
- completed:
    subdir: cardano-crypto-class
    name: cardano-crypto-class
    version: 2.0.0
    git: https://github.com/input-output-hk/cardano-base
    pantry-tree:
      size: 3360
      sha256: ac73007e9c2f8284afd6015202f4e264ad1d3c1da16b3bd124d46aa7b2af4786
    commit: a715c7f420770b70bbe95ca51d3dec83866cb1bd
  original:
    subdir: cardano-crypto-class
    git: https://github.com/input-output-hk/cardano-base
    commit: a715c7f420770b70bbe95ca51d3dec83866cb1bd
- completed:
    subdir: cardano-crypto-tests
    name: cardano-crypto-tests
    version: 2.0.0
    git: https://github.com/input-output-hk/cardano-base
    pantry-tree:
      size: 879
      sha256: c21b07bab13126ac46686eca15aa3b04133869a4a550269e63d0610b58c015ff
    commit: a715c7f420770b70bbe95ca51d3dec83866cb1bd
  original:
    subdir: cardano-crypto-tests
    git: https://github.com/input-output-hk/cardano-base
    commit: a715c7f420770b70bbe95ca51d3dec83866cb1bd
- completed:
    subdir: cardano-crypto-praos
    name: cardano-crypto-praos
    version: 2.0.0
    git: https://github.com/input-output-hk/cardano-base
    pantry-tree:
      size: 1886
      sha256: 772e599fd30301b5d477ecb239262deb8c88a3bef607cf520e8a342341c1a5c6
    commit: a715c7f420770b70bbe95ca51d3dec83866cb1bd
  original:
    subdir: cardano-crypto-praos
    git: https://github.com/input-output-hk/cardano-base
    commit: a715c7f420770b70bbe95ca51d3dec83866cb1bd
- completed:
    subdir: strict-containers
    name: strict-containers
    version: 0.1.0.0
    git: https://github.com/input-output-hk/cardano-base
    pantry-tree:
      size: 473
      sha256: d90abdd928773910df466903b3612a5d69d7e7ebcc9c011b80b37ee7fa460d4d
    commit: a715c7f420770b70bbe95ca51d3dec83866cb1bd
  original:
    subdir: strict-containers
    git: https://github.com/input-output-hk/cardano-base
    commit: a715c7f420770b70bbe95ca51d3dec83866cb1bd
- completed:
    subdir: byron/chain/executable-spec
    name: byron-spec-chain
    version: 0.1.0.0
    git: https://github.com/input-output-hk/cardano-ledger-specs
    pantry-tree:
      size: 1030
      sha256: 2eedaef77718c520534fcae7f565ebac1e690f158b72fdc4dd111aec631eb9f4
    commit: 6b0fca7a73c317f3af7c14dd4dc38178cc78a6c8
  original:
    subdir: byron/chain/executable-spec
    git: https://github.com/input-output-hk/cardano-ledger-specs
    commit: 6b0fca7a73c317f3af7c14dd4dc38178cc78a6c8
- completed:
    subdir: byron/crypto
    name: cardano-crypto-wrapper
    version: 1.3.0
    git: https://github.com/input-output-hk/cardano-ledger-specs
    pantry-tree:
      size: 4430
      sha256: 2e847b142308d4ab27468972c719cc51df438bfcf5f899523fe40482a139be50
    commit: 6b0fca7a73c317f3af7c14dd4dc38178cc78a6c8
  original:
    subdir: byron/crypto
    git: https://github.com/input-output-hk/cardano-ledger-specs
    commit: 6b0fca7a73c317f3af7c14dd4dc38178cc78a6c8
- completed:
    subdir: byron/crypto/test
    name: cardano-crypto-test
    version: 1.3.0
    git: https://github.com/input-output-hk/cardano-ledger-specs
    pantry-tree:
      size: 2364
      sha256: e8118377997222ecae9cefa0b361cd643270d41d6fca580a34e400a5e0828cae
    commit: 6b0fca7a73c317f3af7c14dd4dc38178cc78a6c8
  original:
    subdir: byron/crypto/test
    git: https://github.com/input-output-hk/cardano-ledger-specs
    commit: 6b0fca7a73c317f3af7c14dd4dc38178cc78a6c8
- completed:
    subdir: byron/ledger/executable-spec
    name: byron-spec-ledger
    version: 0.1.0.0
    git: https://github.com/input-output-hk/cardano-ledger-specs
    pantry-tree:
      size: 4981
      sha256: e0e79a6b3ac733742538709d9fe5bc45f7ec8150e9a56dcd36157f4affc62bb7
    commit: 6b0fca7a73c317f3af7c14dd4dc38178cc78a6c8
  original:
    subdir: byron/ledger/executable-spec
    git: https://github.com/input-output-hk/cardano-ledger-specs
    commit: 6b0fca7a73c317f3af7c14dd4dc38178cc78a6c8
- completed:
    subdir: byron/ledger/impl
    name: cardano-ledger-byron
    version: 0.1.0.0
    git: https://github.com/input-output-hk/cardano-ledger-specs
    pantry-tree:
      size: 19665
      sha256: 292089c837d1d1db20380f7d668afb9446fc5baf8b82875767b1d57eb875483a
    commit: 6b0fca7a73c317f3af7c14dd4dc38178cc78a6c8
  original:
    subdir: byron/ledger/impl
    git: https://github.com/input-output-hk/cardano-ledger-specs
    commit: 6b0fca7a73c317f3af7c14dd4dc38178cc78a6c8
- completed:
    subdir: byron/ledger/impl/test
    name: cardano-ledger-byron-test
    version: 1.3.0
    git: https://github.com/input-output-hk/cardano-ledger-specs
    pantry-tree:
      size: 11428
      sha256: f9711f3d0187c25e7c62dbf4f6d75991686dd9f0fc2fcd2746ea93a8eba2da7f
    commit: 6b0fca7a73c317f3af7c14dd4dc38178cc78a6c8
  original:
    subdir: byron/ledger/impl/test
    git: https://github.com/input-output-hk/cardano-ledger-specs
    commit: 6b0fca7a73c317f3af7c14dd4dc38178cc78a6c8
- completed:
    subdir: semantics/executable-spec
    name: small-steps
    version: 0.1.0.0
    git: https://github.com/input-output-hk/cardano-ledger-specs
    pantry-tree:
      size: 1136
      sha256: 7f246fc164a142daddca53c7a7e8cef0d4139ca382eeacfabb4bae23700d868e
    commit: 6b0fca7a73c317f3af7c14dd4dc38178cc78a6c8
  original:
    subdir: semantics/executable-spec
    git: https://github.com/input-output-hk/cardano-ledger-specs
    commit: 6b0fca7a73c317f3af7c14dd4dc38178cc78a6c8
- completed:
    subdir: semantics/small-steps-test
    name: small-steps-test
    version: 0.1.0.0
    git: https://github.com/input-output-hk/cardano-ledger-specs
    pantry-tree:
      size: 910
      sha256: dd7164e566f8b25bd5edb770f1d826ac583743183c773831b8749ee2d766d006
    commit: 6b0fca7a73c317f3af7c14dd4dc38178cc78a6c8
  original:
    subdir: semantics/small-steps-test
    git: https://github.com/input-output-hk/cardano-ledger-specs
    commit: 6b0fca7a73c317f3af7c14dd4dc38178cc78a6c8
- completed:
    subdir: shelley/chain-and-ledger/dependencies/non-integer
    name: shelley-spec-non-integral
    version: 0.1.0.0
    git: https://github.com/input-output-hk/cardano-ledger-specs
    pantry-tree:
      size: 1892
      sha256: 17797ed5f024db21580ad4052d46887a0cd78ff1fa38a65ac7961cf77002f754
    commit: 6b0fca7a73c317f3af7c14dd4dc38178cc78a6c8
  original:
    subdir: shelley/chain-and-ledger/dependencies/non-integer
    git: https://github.com/input-output-hk/cardano-ledger-specs
    commit: 6b0fca7a73c317f3af7c14dd4dc38178cc78a6c8
- completed:
    subdir: shelley/chain-and-ledger/executable-spec
    name: shelley-spec-ledger
    version: 0.1.0.0
    git: https://github.com/input-output-hk/cardano-ledger-specs
    pantry-tree:
      size: 5295
      sha256: 2b705b2db0b663fb7acf481f82424428961104ea40b7344a163b45759637b20a
    commit: 6b0fca7a73c317f3af7c14dd4dc38178cc78a6c8
  original:
    subdir: shelley/chain-and-ledger/executable-spec
    git: https://github.com/input-output-hk/cardano-ledger-specs
    commit: 6b0fca7a73c317f3af7c14dd4dc38178cc78a6c8
- completed:
    subdir: shelley/chain-and-ledger/shelley-spec-ledger-test
    name: shelley-spec-ledger-test
    version: 0.1.0.0
    git: https://github.com/input-output-hk/cardano-ledger-specs
    pantry-tree:
      size: 7202
      sha256: 4d26c4152d7ca6758fb9bad365322e6e41656c94948fec020785c2b60e437f2b
    commit: 6b0fca7a73c317f3af7c14dd4dc38178cc78a6c8
  original:
    subdir: shelley/chain-and-ledger/shelley-spec-ledger-test
    git: https://github.com/input-output-hk/cardano-ledger-specs
    commit: 6b0fca7a73c317f3af7c14dd4dc38178cc78a6c8
- completed:
    subdir: shelley-ma/impl
    name: cardano-ledger-shelley-ma
    version: 0.1.0.0
    git: https://github.com/input-output-hk/cardano-ledger-specs
    pantry-tree:
      size: 1117
      sha256: 57ea1992400657ff094c2833f039aa7eac71e5c4938016fd0b010be8b40151dc
    commit: 6b0fca7a73c317f3af7c14dd4dc38178cc78a6c8
  original:
    subdir: shelley-ma/impl
    git: https://github.com/input-output-hk/cardano-ledger-specs
    commit: 6b0fca7a73c317f3af7c14dd4dc38178cc78a6c8
- completed:
    subdir: shelley-ma/shelley-ma-test
    name: cardano-ledger-shelley-ma-test
    version: 0.1.0.0
    git: https://github.com/input-output-hk/cardano-ledger-specs
    pantry-tree:
      size: 2489
      sha256: 117f2681309cde2e2e98325a116932617bd673368bfb3612d7252ef619c23eab
    commit: 6b0fca7a73c317f3af7c14dd4dc38178cc78a6c8
  original:
    subdir: shelley-ma/shelley-ma-test
    git: https://github.com/input-output-hk/cardano-ledger-specs
    commit: 6b0fca7a73c317f3af7c14dd4dc38178cc78a6c8
- completed:
    subdir: cardano-ledger-core
    name: cardano-ledger-core
    version: 0.1.0.0
    git: https://github.com/input-output-hk/cardano-ledger-specs
    pantry-tree:
      size: 1392
      sha256: d91b5a47841e6c3689ff938b2c7bdd33469c03714edd0434da822cfa895016d0
    commit: 6b0fca7a73c317f3af7c14dd4dc38178cc78a6c8
  original:
    subdir: cardano-ledger-core
    git: https://github.com/input-output-hk/cardano-ledger-specs
    commit: 6b0fca7a73c317f3af7c14dd4dc38178cc78a6c8
- completed:
    subdir: alonzo/impl
    name: cardano-ledger-alonzo
    version: 0.1.0.0
    git: https://github.com/input-output-hk/cardano-ledger-specs
    pantry-tree:
      size: 1725
      sha256: 470cfc1f8c6e5aa1853163128e443201df7208933530a240ec2bf18c29c4e6b6
    commit: 6b0fca7a73c317f3af7c14dd4dc38178cc78a6c8
  original:
    subdir: alonzo/impl
    git: https://github.com/input-output-hk/cardano-ledger-specs
    commit: 6b0fca7a73c317f3af7c14dd4dc38178cc78a6c8
- completed:
    subdir: contra-tracer
    name: contra-tracer
    version: 0.1.0.0
    git: https://github.com/input-output-hk/iohk-monitoring-framework
    pantry-tree:
      size: 338
      sha256: 7902fbc68aba33d6f139d0815a6e71e704a62684bf2bddaca9959e569301f25d
    commit: 34abfb7f4f5610cabb45396e0496472446a0b2ca
  original:
    subdir: contra-tracer
    git: https://github.com/input-output-hk/iohk-monitoring-framework
    commit: 34abfb7f4f5610cabb45396e0496472446a0b2ca
- completed:
    subdir: iohk-monitoring
    name: iohk-monitoring
    version: 0.2.0.0
    git: https://github.com/input-output-hk/iohk-monitoring-framework
    pantry-tree:
      size: 4944
      sha256: 2d3e9e2e30f4b59ddbfaade9b0c7a3ebe14397911ddbb72ab68f2db375a45159
    commit: 34abfb7f4f5610cabb45396e0496472446a0b2ca
  original:
    subdir: iohk-monitoring
    git: https://github.com/input-output-hk/iohk-monitoring-framework
    commit: 34abfb7f4f5610cabb45396e0496472446a0b2ca
- completed:
    subdir: tracer-transformers
    name: tracer-transformers
    version: 0.1.0.1
    git: https://github.com/input-output-hk/iohk-monitoring-framework
    pantry-tree:
      size: 631
      sha256: b774352920631cfe54b8d947a063999a8327d259f95ed0e25671ad8ac90a02d0
    commit: 34abfb7f4f5610cabb45396e0496472446a0b2ca
  original:
    subdir: tracer-transformers
    git: https://github.com/input-output-hk/iohk-monitoring-framework
    commit: 34abfb7f4f5610cabb45396e0496472446a0b2ca
- completed:
    subdir: plugins/backend-aggregation
    name: lobemo-backend-aggregation
    version: 0.1.0.0
    git: https://github.com/input-output-hk/iohk-monitoring-framework
    pantry-tree:
      size: 343
      sha256: fe1d61fe24e95753a3824d453143ef4e7a51ccba2331dd1160a58c8b2abedc95
    commit: 34abfb7f4f5610cabb45396e0496472446a0b2ca
  original:
    subdir: plugins/backend-aggregation
    git: https://github.com/input-output-hk/iohk-monitoring-framework
    commit: 34abfb7f4f5610cabb45396e0496472446a0b2ca
- completed:
    subdir: plugins/backend-ekg
    name: lobemo-backend-ekg
    version: 0.1.0.1
    git: https://github.com/input-output-hk/iohk-monitoring-framework
    pantry-tree:
      size: 409
      sha256: 2b9478b731d0046575e4325234b91f8125c90b7faef8ab1ee594e84dda2f59a7
    commit: 34abfb7f4f5610cabb45396e0496472446a0b2ca
  original:
    subdir: plugins/backend-ekg
    git: https://github.com/input-output-hk/iohk-monitoring-framework
    commit: 34abfb7f4f5610cabb45396e0496472446a0b2ca
- completed:
    subdir: plugins/backend-monitoring
    name: lobemo-backend-monitoring
    version: 0.1.0.0
    git: https://github.com/input-output-hk/iohk-monitoring-framework
    pantry-tree:
      size: 471
      sha256: 91da1a055a6fb446a074f3deeaa65f4318f15bc3247d551f71d035d1efa51784
    commit: 34abfb7f4f5610cabb45396e0496472446a0b2ca
  original:
    subdir: plugins/backend-monitoring
    git: https://github.com/input-output-hk/iohk-monitoring-framework
    commit: 34abfb7f4f5610cabb45396e0496472446a0b2ca
- completed:
    subdir: plugins/backend-trace-forwarder
    name: lobemo-backend-trace-forwarder
    version: 0.1.0.0
    git: https://github.com/input-output-hk/iohk-monitoring-framework
    pantry-tree:
      size: 350
      sha256: 0d86c6f715b106f6748a4589762c97f396aaa7b43186aa81f31b4f06ec1a3a51
    commit: 34abfb7f4f5610cabb45396e0496472446a0b2ca
  original:
    subdir: plugins/backend-trace-forwarder
    git: https://github.com/input-output-hk/iohk-monitoring-framework
    commit: 34abfb7f4f5610cabb45396e0496472446a0b2ca
- completed:
    subdir: plugins/scribe-systemd
    name: lobemo-scribe-systemd
    version: 0.1.0.0
    git: https://github.com/input-output-hk/iohk-monitoring-framework
    pantry-tree:
      size: 332
      sha256: f0481607ca5a9ea854202ba5a3bc91b85b14617e6d3ae471ae05bfad7cf1aaa1
    commit: 34abfb7f4f5610cabb45396e0496472446a0b2ca
  original:
    subdir: plugins/scribe-systemd
    git: https://github.com/input-output-hk/iohk-monitoring-framework
    commit: 34abfb7f4f5610cabb45396e0496472446a0b2ca
- completed:
    subdir: cardano-api
    name: cardano-api
    version: 1.27.0
    git: https://github.com/input-output-hk/cardano-node.git
    pantry-tree:
      size: 6098
      sha256: fd11f882e9d1075910285792c48fd132836ff884dc0cbd9aaff6638981409b69
    commit: f3ef4ed72894499160f2330b91572a159005c148
  original:
    subdir: cardano-api
    git: https://github.com/input-output-hk/cardano-node.git
    commit: f3ef4ed72894499160f2330b91572a159005c148
- completed:
    subdir: cardano-node
    name: cardano-node
    version: 1.27.0
    git: https://github.com/input-output-hk/cardano-node.git
    pantry-tree:
      size: 3109
      sha256: f96d7fc801abde0d21529b3720eab606de56274e2c2abd20749bd9a8f2d041c8
    commit: f3ef4ed72894499160f2330b91572a159005c148
  original:
    subdir: cardano-node
    git: https://github.com/input-output-hk/cardano-node.git
    commit: f3ef4ed72894499160f2330b91572a159005c148
- completed:
    subdir: cardano-cli
    name: cardano-cli
    version: 1.27.0
    git: https://github.com/input-output-hk/cardano-node.git
    pantry-tree:
      size: 15313
      sha256: 184b8f5ca461dc15ac03f4adc306605d9ab7857847b8eb9de6d2de397fa0e6c0
    commit: f3ef4ed72894499160f2330b91572a159005c148
  original:
    subdir: cardano-cli
    git: https://github.com/input-output-hk/cardano-node.git
    commit: f3ef4ed72894499160f2330b91572a159005c148
- completed:
    subdir: cardano-config
    name: cardano-config
    version: 0.1.0.0
    git: https://github.com/input-output-hk/cardano-node.git
    pantry-tree:
      size: 398
      sha256: b2e5e74f5b7be671560c7271d4252e286a5a44c94654252bae44f0f3efcd7add
    commit: f3ef4ed72894499160f2330b91572a159005c148
  original:
    subdir: cardano-config
    git: https://github.com/input-output-hk/cardano-node.git
    commit: f3ef4ed72894499160f2330b91572a159005c148
- completed:
    name: Win32-network
    version: 0.1.0.0
    git: https://github.com/input-output-hk/Win32-network
    pantry-tree:
      size: 2217
      sha256: 42aadecb8215f973c89eabd2acab6d4dd8d0e7078a6e11815cdd9df0cec5ec9b
    commit: 5b3d08c454f425da5cf045fe7865950d7c806691
  original:
    git: https://github.com/input-output-hk/Win32-network
    commit: 5b3d08c454f425da5cf045fe7865950d7c806691
- completed:
    name: hedgehog-extras
    version: 0.1.0.0
    git: https://github.com/input-output-hk/hedgehog-extras
    pantry-tree:
      size: 2103
      sha256: 62c0ab29d68be4c64c85ae18e57c11cfcffdcb9e89f05797bc738a056c7bbfb6
    commit: 8bcd3c9dc22cc44f9fcfe161f4638a384fc7a187
  original:
    git: https://github.com/input-output-hk/hedgehog-extras
    commit: 8bcd3c9dc22cc44f9fcfe161f4638a384fc7a187
- completed:
    name: goblins
    version: 0.2.0.0
    git: https://github.com/input-output-hk/goblins
    pantry-tree:
      size: 928
      sha256: 4df5d3e7f5341949af46f1dd6b32642a6058ece469693fdbb14ad7582945ebc9
    commit: cde90a2b27f79187ca8310b6549331e59595e7ba
  original:
    git: https://github.com/input-output-hk/goblins
    commit: cde90a2b27f79187ca8310b6549331e59595e7ba
snapshots:
- completed:
    size: 567679
    url: https://raw.githubusercontent.com/commercialhaskell/stackage-snapshots/master/lts/17/15.yaml
    sha256: 72e87841a0ab5b72f6f018e8ee692fd972b7bb32a944990f028e10d6eb528e63
  original: lts-17.15
